{
  "version": 4,
  "terraform_version": "0.15.4",
  "serial": 100,
  "lineage": "8ad7454e-a71a-ceb0-4b9a-1439e9299f25",
  "outputs": {},
  "resources": [
    {
      "mode": "managed",
      "type": "google_bigquery_dataset",
      "name": "dataset",
      "provider": "provider[\"registry.terraform.io/hashicorp/google\"]",
      "instances": [
        {
          "schema_version": 0,
          "attributes": {
            "access": [
              {
                "domain": "",
                "group_by_email": "",
                "role": "OWNER",
                "special_group": "",
                "user_by_email": "bqowner@gcp-test-149405.iam.gserviceaccount.com",
                "view": []
              }
            ],
            "creation_time": 1623564180849,
            "dataset_id": "example_dataset",
            "default_encryption_configuration": [],
            "default_partition_expiration_ms": 0,
            "default_table_expiration_ms": 3600000,
            "delete_contents_on_destroy": false,
            "description": "This is a test description",
            "etag": "SXkUadcbTLTCgO97l/fEvg==",
            "friendly_name": "test",
            "id": "projects/gcp-test-149405/datasets/example_dataset",
            "labels": {
              "env": "default"
            },
            "last_modified_time": 1623564180849,
            "location": "US",
            "project": "gcp-test-149405",
            "self_link": "https://bigquery.googleapis.com/bigquery/v2/projects/gcp-test-149405/datasets/example_dataset",
            "timeouts": null
          },
          "sensitive_attributes": [],
          "private": "eyJlMmJmYjczMC1lY2FhLTExZTYtOGY4OC0zNDM2M2JjN2M0YzAiOnsiY3JlYXRlIjoyNDAwMDAwMDAwMDAsImRlbGV0ZSI6MjQwMDAwMDAwMDAwLCJ1cGRhdGUiOjI0MDAwMDAwMDAwMH19",
          "dependencies": [
            "google_service_account.bqowner"
          ]
        }
      ]
    },
    {
      "mode": "managed",
      "type": "google_composer_environment",
      "name": "test",
      "provider": "provider[\"registry.terraform.io/hashicorp/google\"]",
      "instances": [
        {
          "schema_version": 0,
          "attributes": {
            "config": [
              {
                "airflow_uri": "https://z994e85452aff8413p-tp.appspot.com",
                "dag_gcs_prefix": "gs://us-central1-mycomposer-daed4752-bucket/dags",
                "gke_cluster": "projects/gcp-test-149405/zones/us-central1-a/clusters/us-central1-mycomposer-daed4752-gke",
                "node_config": [
                  {
                    "disk_size_gb": 20,
                    "ip_allocation_policy": [
                      {
                        "cluster_ipv4_cidr_block": "",
                        "cluster_secondary_range_name": "",
                        "services_ipv4_cidr_block": "",
                        "services_secondary_range_name": "",
                        "use_ip_aliases": false
                      }
                    ],
                    "machine_type": "projects/gcp-test-149405/zones/us-central1-a/machineTypes/n1-standard-1",
                    "network": "projects/gcp-test-149405/global/networks/composer-test-network",
                    "oauth_scopes": [
                      "https://www.googleapis.com/auth/cloud-platform"
                    ],
                    "service_account": "composer-env-account@gcp-test-149405.iam.gserviceaccount.com",
                    "subnetwork": "projects/gcp-test-149405/regions/us-central1/subnetworks/composer-test-subnetwork",
                    "tags": null,
                    "zone": "projects/gcp-test-149405/zones/us-central1-a"
                  }
                ],
                "node_count": 3,
                "private_environment_config": [
                  {
                    "cloud_sql_ipv4_cidr_block": "10.0.0.0/12",
                    "enable_private_endpoint": false,
                    "master_ipv4_cidr_block": "",
                    "web_server_ipv4_cidr_block": "172.31.245.0/24"
                  }
                ],
                "software_config": [
                  {
                    "airflow_config_overrides": {
                      "core-load_example": "True"
                    },
                    "env_variables": {
                      "FOO": "bar"
                    },
                    "image_version": "composer-1.16.5-airflow-1.10.15",
                    "pypi_packages": {
                      "numpy": "",
                      "scipy": ""
                    },
                    "python_version": "3"
                  }
                ]
              }
            ],
            "id": "projects/gcp-test-149405/locations/us-central1/environments/mycomposer",
            "labels": null,
            "name": "mycomposer",
            "project": "gcp-test-149405",
            "region": "us-central1",
            "timeouts": null
          },
          "sensitive_attributes": [],
          "private": "eyJlMmJmYjczMC1lY2FhLTExZTYtOGY4OC0zNDM2M2JjN2M0YzAiOnsiY3JlYXRlIjo3MjAwMDAwMDAwMDAwLCJkZWxldGUiOjE4MDAwMDAwMDAwMDAsInVwZGF0ZSI6NzIwMDAwMDAwMDAwMH19",
          "dependencies": [
            "google_compute_network.test",
            "google_compute_subnetwork.test",
            "google_service_account.test"
          ]
        }
      ]
    },
    {
      "mode": "managed",
      "type": "google_compute_network",
      "name": "test",
      "provider": "provider[\"registry.terraform.io/hashicorp/google\"]",
      "instances": [
        {
          "schema_version": 0,
          "attributes": {
            "auto_create_subnetworks": false,
            "delete_default_routes_on_create": false,
            "description": "",
            "gateway_ipv4": "",
            "id": "projects/gcp-test-149405/global/networks/composer-test-network",
            "mtu": 0,
            "name": "composer-test-network",
            "project": "gcp-test-149405",
            "routing_mode": "REGIONAL",
            "self_link": "https://www.googleapis.com/compute/v1/projects/gcp-test-149405/global/networks/composer-test-network",
            "timeouts": null
          },
          "sensitive_attributes": [],
          "private": "eyJlMmJmYjczMC1lY2FhLTExZTYtOGY4OC0zNDM2M2JjN2M0YzAiOnsiY3JlYXRlIjoyNDAwMDAwMDAwMDAsImRlbGV0ZSI6MjQwMDAwMDAwMDAwLCJ1cGRhdGUiOjI0MDAwMDAwMDAwMH19"
        }
      ]
    },
    {
      "mode": "managed",
      "type": "google_compute_subnetwork",
      "name": "test",
      "provider": "provider[\"registry.terraform.io/hashicorp/google\"]",
      "instances": [
        {
          "schema_version": 0,
          "attributes": {
            "creation_timestamp": "2021-06-12T23:04:01.571-07:00",
            "description": "",
            "fingerprint": null,
            "gateway_address": "10.2.0.1",
            "id": "projects/gcp-test-149405/regions/us-central1/subnetworks/composer-test-subnetwork",
            "ip_cidr_range": "10.2.0.0/16",
            "log_config": [],
            "name": "composer-test-subnetwork",
            "network": "https://www.googleapis.com/compute/v1/projects/gcp-test-149405/global/networks/composer-test-network",
            "private_ip_google_access": false,
            "private_ipv6_google_access": "DISABLE_GOOGLE_ACCESS",
            "project": "gcp-test-149405",
            "region": "us-central1",
            "secondary_ip_range": [],
            "self_link": "https://www.googleapis.com/compute/v1/projects/gcp-test-149405/regions/us-central1/subnetworks/composer-test-subnetwork",
            "timeouts": null
          },
          "sensitive_attributes": [],
          "private": "eyJlMmJmYjczMC1lY2FhLTExZTYtOGY4OC0zNDM2M2JjN2M0YzAiOnsiY3JlYXRlIjozNjAwMDAwMDAwMDAsImRlbGV0ZSI6MzYwMDAwMDAwMDAwLCJ1cGRhdGUiOjM2MDAwMDAwMDAwMH19",
          "dependencies": [
            "google_compute_network.test"
          ]
        }
      ]
    },
    {
      "mode": "managed",
      "type": "google_project_iam_member",
      "name": "bigquery-admin",
      "provider": "provider[\"registry.terraform.io/hashicorp/google\"]",
      "instances": [
        {
          "schema_version": 0,
          "attributes": {
            "condition": [],
            "etag": "BwXEn39Uqyw=",
            "id": "gcp-test-149405/roles/bigquery.admin/serviceAccount:composer-env-account@gcp-test-149405.iam.gserviceaccount.com",
            "member": "serviceAccount:composer-env-account@gcp-test-149405.iam.gserviceaccount.com",
            "project": "gcp-test-149405",
            "role": "roles/bigquery.admin"
          },
          "sensitive_attributes": [],
          "private": "bnVsbA==",
          "dependencies": [
            "google_service_account.test"
          ]
        }
      ]
    },
    {
      "mode": "managed",
      "type": "google_project_iam_member",
      "name": "cloudsql-client",
      "provider": "provider[\"registry.terraform.io/hashicorp/google\"]",
      "instances": [
        {
          "schema_version": 0,
          "attributes": {
            "condition": [],
            "etag": "BwXEn39Uqyw=",
            "id": "gcp-test-149405/roles/cloudsql.admin/serviceAccount:composer-env-account@gcp-test-149405.iam.gserviceaccount.com",
            "member": "serviceAccount:composer-env-account@gcp-test-149405.iam.gserviceaccount.com",
            "project": "gcp-test-149405",
            "role": "roles/cloudsql.admin"
          },
          "sensitive_attributes": [],
          "private": "bnVsbA==",
          "dependencies": [
            "google_service_account.test"
          ]
        }
      ]
    },
    {
      "mode": "managed",
      "type": "google_project_iam_member",
      "name": "cloudsql-storage-admin",
      "provider": "provider[\"registry.terraform.io/hashicorp/google\"]",
      "instances": [
        {
          "schema_version": 0,
          "attributes": {
            "condition": [],
            "etag": "BwXEn6h81tY=",
            "id": "gcp-test-149405/roles/storage.admin/serviceAccount:p519126142075-xx0ie8@gcp-sa-cloud-sql.iam.gserviceaccount.com",
            "member": "serviceAccount:p519126142075-xx0ie8@gcp-sa-cloud-sql.iam.gserviceaccount.com",
            "project": "gcp-test-149405",
            "role": "roles/storage.admin"
          },
          "sensitive_attributes": [],
          "private": "bnVsbA==",
          "dependencies": [
            "google_sql_database_instance.instance"
          ]
        }
      ]
    },
    {
      "mode": "managed",
      "type": "google_project_iam_member",
      "name": "composer-worker",
      "provider": "provider[\"registry.terraform.io/hashicorp/google\"]",
      "instances": [
        {
          "schema_version": 0,
          "attributes": {
            "condition": [],
            "etag": "BwXEn39Uqyw=",
            "id": "gcp-test-149405/roles/composer.worker/serviceAccount:composer-env-account@gcp-test-149405.iam.gserviceaccount.com",
            "member": "serviceAccount:composer-env-account@gcp-test-149405.iam.gserviceaccount.com",
            "project": "gcp-test-149405",
            "role": "roles/composer.worker"
          },
          "sensitive_attributes": [],
          "private": "bnVsbA==",
          "dependencies": [
            "google_service_account.test"
          ]
        }
      ]
    },
    {
      "mode": "managed",
      "type": "google_project_iam_member",
      "name": "storage-admin",
      "provider": "provider[\"registry.terraform.io/hashicorp/google\"]",
      "instances": [
        {
          "schema_version": 0,
          "attributes": {
            "condition": [],
            "etag": "BwXEn39Uqyw=",
            "id": "gcp-test-149405/roles/storage.admin/serviceAccount:composer-env-account@gcp-test-149405.iam.gserviceaccount.com",
            "member": "serviceAccount:composer-env-account@gcp-test-149405.iam.gserviceaccount.com",
            "project": "gcp-test-149405",
            "role": "roles/storage.admin"
          },
          "sensitive_attributes": [],
          "private": "bnVsbA==",
          "dependencies": [
            "google_service_account.test"
          ]
        }
      ]
    },
    {
      "mode": "managed",
      "type": "google_service_account",
      "name": "bqowner",
      "provider": "provider[\"registry.terraform.io/hashicorp/google\"]",
      "instances": [
        {
          "schema_version": 0,
          "attributes": {
            "account_id": "bqowner",
            "description": "",
            "display_name": "",
            "email": "bqowner@gcp-test-149405.iam.gserviceaccount.com",
            "id": "projects/gcp-test-149405/serviceAccounts/bqowner@gcp-test-149405.iam.gserviceaccount.com",
            "name": "projects/gcp-test-149405/serviceAccounts/bqowner@gcp-test-149405.iam.gserviceaccount.com",
            "project": "gcp-test-149405",
            "timeouts": null,
            "unique_id": "117535178523463224780"
          },
          "sensitive_attributes": [],
          "private": "eyJlMmJmYjczMC1lY2FhLTExZTYtOGY4OC0zNDM2M2JjN2M0YzAiOnsiY3JlYXRlIjozMDAwMDAwMDAwMDB9fQ=="
        }
      ]
    },
    {
      "mode": "managed",
      "type": "google_service_account",
      "name": "test",
      "provider": "provider[\"registry.terraform.io/hashicorp/google\"]",
      "instances": [
        {
          "schema_version": 0,
          "attributes": {
            "account_id": "composer-env-account",
            "description": "",
            "display_name": "Test Service Account for Composer Environment",
            "email": "composer-env-account@gcp-test-149405.iam.gserviceaccount.com",
            "id": "projects/gcp-test-149405/serviceAccounts/composer-env-account@gcp-test-149405.iam.gserviceaccount.com",
            "name": "projects/gcp-test-149405/serviceAccounts/composer-env-account@gcp-test-149405.iam.gserviceaccount.com",
            "project": "gcp-test-149405",
            "timeouts": null,
            "unique_id": "111325923659264364029"
          },
          "sensitive_attributes": [],
          "private": "eyJlMmJmYjczMC1lY2FhLTExZTYtOGY4OC0zNDM2M2JjN2M0YzAiOnsiY3JlYXRlIjozMDAwMDAwMDAwMDB9fQ=="
        }
      ]
    },
    {
      "mode": "managed",
      "type": "google_sql_database",
      "name": "database",
      "provider": "provider[\"registry.terraform.io/hashicorp/google\"]",
      "instances": [
        {
          "schema_version": 0,
          "attributes": {
            "charset": "UTF8",
            "collation": "en_US.UTF8",
            "id": "projects/gcp-test-149405/instances/user-db/databases/user-db",
            "instance": "user-db",
            "name": "user-db",
            "project": "gcp-test-149405",
            "self_link": "https://sqladmin.googleapis.com/sql/v1beta4/projects/gcp-test-149405/instances/user-db/databases/user-db",
            "timeouts": null
          },
          "sensitive_attributes": [],
          "private": "eyJlMmJmYjczMC1lY2FhLTExZTYtOGY4OC0zNDM2M2JjN2M0YzAiOnsiY3JlYXRlIjo5MDAwMDAwMDAwMDAsImRlbGV0ZSI6NjAwMDAwMDAwMDAwLCJ1cGRhdGUiOjYwMDAwMDAwMDAwMH19",
          "dependencies": [
            "google_sql_database_instance.instance"
          ]
        }
      ]
    },
    {
      "mode": "managed",
      "type": "google_sql_database_instance",
      "name": "instance",
      "provider": "provider[\"registry.terraform.io/hashicorp/google\"]",
      "instances": [
        {
          "schema_version": 0,
          "attributes": {
            "clone": [],
            "connection_name": "gcp-test-149405:us-central1:user-db",
            "database_version": "POSTGRES_9_6",
            "deletion_protection": false,
            "first_ip_address": "34.134.89.0",
            "id": "user-db",
            "ip_address": [
              {
                "ip_address": "34.134.89.0",
                "time_to_retire": "",
                "type": "PRIMARY"
              },
              {
                "ip_address": "35.202.223.37",
                "time_to_retire": "",
                "type": "OUTGOING"
              }
            ],
            "master_instance_name": "",
            "name": "user-db",
            "private_ip_address": "",
            "project": "gcp-test-149405",
            "public_ip_address": "34.134.89.0",
            "region": "us-central1",
            "replica_configuration": [],
            "restore_backup_context": [],
            "root_password": null,
            "self_link": "https://sqladmin.googleapis.com/sql/v1beta4/projects/gcp-test-149405/instances/user-db",
            "server_ca_cert": [
              {
                "cert": "-----BEGIN CERTIFICATE-----\nMIIDfzCCAmegAwIBAgIBADANBgkqhkiG9w0BAQsFADB3MS0wKwYDVQQuEyQ3MjE2\nZmY2ZC0zNDQ3LTQ0N2YtOGRmMy01OWM1ZjIxMzc4MmMxIzAhBgNVBAMTGkdvb2ds\nZSBDbG91ZCBTUUwgU2VydmVyIENBMRQwEgYDVQQKEwtHb29nbGUsIEluYzELMAkG\nA1UEBhMCVVMwHhcNMjEwNjEzMDYwMzA1WhcNMzEwNjExMDYwNDA1WjB3MS0wKwYD\nVQQuEyQ3MjE2ZmY2ZC0zNDQ3LTQ0N2YtOGRmMy01OWM1ZjIxMzc4MmMxIzAhBgNV\nBAMTGkdvb2dsZSBDbG91ZCBTUUwgU2VydmVyIENBMRQwEgYDVQQKEwtHb29nbGUs\nIEluYzELMAkGA1UEBhMCVVMwggEiMA0GCSqGSIb3DQEBAQUAA4IBDwAwggEKAoIB\nAQCj504M25viSC3NzRooDFOosiDzp28Y0GaU4tkbQwGp/Mm1JhWtaPqho+1G2p0B\nzjEv5bAOsaWibyjz+36+Oclr6udm0aI8AGHfDr5Z/IbduQpqEucyS0av06rxYBl/\nwTMogD3kU5CnjkcPodeXw2IO573W9gtgtD5prHtxshLxTCn4Cr7s5doqLrUQWc9z\n0m2g/btvD4J/1gav2WfAqrUNA3SCQg0iX1fWuhkfFYIVGlUqDBI5WjHYgCnwWcyM\nRij5l5yHMsh3uPQxThs2N1Bw3yr4TYremE5COTftwML6F1yukjCMams7jb3hqSbu\nKfWmLOj+U/pdo9dihRsQgaTZAgMBAAGjFjAUMBIGA1UdEwEB/wQIMAYBAf8CAQAw\nDQYJKoZIhvcNAQELBQADggEBAKAmby//w1T72hNWsA+rnWQptYIwSPLzK2xYuzjC\nUmHRErzZqijtYUoAkXiMh5Ux2+xi2alvJM9AdhbJBVHZEvpeaonwVVVn5BA80ba/\nb6hO1b8FAqINQtJ8AXrO83neMZPmiEbla/uO3AeXADB1DPsDZycIlZkMgVmiFJBH\ndVW7mn7zD1S8SaoQRKeOKJ9JVsPa7R2jJRQGKvYPAApC2qcvYk5U8wCzr/6ti7uG\n06NU46wlTiWWMlOt7iLa2mIsK8cGBajJ2wvDVKHstROVsNdcjXOU0CD2cHAOGYus\nCiTBeDx9Fz5Bpz5lZ9LmPoJPGY90NZmmPUVye+Cqcxlx32Q=\n-----END CERTIFICATE-----",
                "common_name": "C=US,O=Google\\, Inc,CN=Google Cloud SQL Server CA,dnQualifier=7216ff6d-3447-447f-8df3-59c5f213782c",
                "create_time": "2021-06-13T06:03:05.111Z",
                "expiration_time": "2031-06-11T06:04:05.111Z",
                "sha1_fingerprint": "335d56f61069e55a64463f8fb4358c2af857a149"
              }
            ],
            "service_account_email_address": "p519126142075-xx0ie8@gcp-sa-cloud-sql.iam.gserviceaccount.com",
            "settings": [
              {
                "activation_policy": "ALWAYS",
                "authorized_gae_applications": [],
                "availability_type": "ZONAL",
                "backup_configuration": [
                  {
                    "backup_retention_settings": [
                      {
                        "retained_backups": 7,
                        "retention_unit": "COUNT"
                      }
                    ],
                    "binary_log_enabled": false,
                    "enabled": false,
                    "location": "",
                    "point_in_time_recovery_enabled": false,
                    "start_time": "09:00",
                    "transaction_log_retention_days": 7
                  }
                ],
                "crash_safe_replication": false,
                "database_flags": [],
                "disk_autoresize": true,
                "disk_autoresize_limit": 0,
                "disk_size": 10,
                "disk_type": "PD_SSD",
                "insights_config": [],
                "ip_configuration": [
                  {
                    "authorized_networks": [],
                    "ipv4_enabled": true,
                    "private_network": "",
                    "require_ssl": false
                  }
                ],
                "location_preference": [
                  {
                    "follow_gae_application": "",
                    "zone": "us-central1-f"
                  }
                ],
                "maintenance_window": [],
                "pricing_plan": "PER_USE",
                "replication_type": "SYNCHRONOUS",
                "tier": "db-f1-micro",
                "user_labels": {},
                "version": 1
              }
            ],
            "timeouts": null
          },
          "sensitive_attributes": [],
          "private": "eyJlMmJmYjczMC1lY2FhLTExZTYtOGY4OC0zNDM2M2JjN2M0YzAiOnsiY3JlYXRlIjoxODAwMDAwMDAwMDAwLCJkZWxldGUiOjE4MDAwMDAwMDAwMDAsInVwZGF0ZSI6MTgwMDAwMDAwMDAwMH19"
        }
      ]
    },
    {
      "mode": "managed",
      "type": "google_sql_user",
      "name": "users",
      "provider": "provider[\"registry.terraform.io/hashicorp/google\"]",
      "instances": [
        {
          "schema_version": 1,
          "attributes": {
            "deletion_policy": null,
            "host": "",
            "id": "composer-env-account@gcp-test-149405.iam//user-db",
            "instance": "user-db",
            "name": "composer-env-account@gcp-test-149405.iam",
            "password": null,
            "project": "gcp-test-149405",
            "timeouts": null,
            "type": "CLOUD_IAM_SERVICE_ACCOUNT"
          },
          "sensitive_attributes": [],
          "private": "eyJlMmJmYjczMC1lY2FhLTExZTYtOGY4OC0zNDM2M2JjN2M0YzAiOnsiY3JlYXRlIjo2MDAwMDAwMDAwMDAsImRlbGV0ZSI6NjAwMDAwMDAwMDAwLCJ1cGRhdGUiOjYwMDAwMDAwMDAwMH0sInNjaGVtYV92ZXJzaW9uIjoiMSJ9",
          "dependencies": [
            "google_sql_database_instance.instance"
          ]
        }
      ]
    },
    {
      "mode": "managed",
      "type": "google_storage_bucket",
      "name": "composer-test",
      "provider": "provider[\"registry.terraform.io/hashicorp/google\"]",
      "instances": [
        {
          "schema_version": 0,
          "attributes": {
            "bucket_policy_only": true,
            "cors": [],
            "default_event_based_hold": false,
            "encryption": [],
            "force_destroy": true,
            "id": "composer-test-hoge",
            "labels": null,
            "lifecycle_rule": [],
            "location": "US",
            "logging": [],
            "name": "composer-test-hoge",
            "project": "gcp-test-149405",
            "requester_pays": false,
            "retention_policy": [],
            "self_link": "https://www.googleapis.com/storage/v1/b/composer-test-hoge",
            "storage_class": "STANDARD",
            "uniform_bucket_level_access": true,
            "url": "gs://composer-test-hoge",
            "versioning": [],
            "website": []
          },
          "sensitive_attributes": [],
          "private": "bnVsbA=="
        }
      ]
    }
  ]
}
