{
  "version": 4,
  "terraform_version": "0.15.4",
  "serial": 67,
  "lineage": "8ad7454e-a71a-ceb0-4b9a-1439e9299f25",
  "outputs": {},
  "resources": [
    {
      "mode": "managed",
      "type": "google_bigquery_dataset",
      "name": "dataset",
      "provider": "provider[\"registry.terraform.io/hashicorp/google\"]",
      "instances": [
        {
          "schema_version": 0,
          "attributes": {
            "access": [
              {
                "domain": "",
                "group_by_email": "",
                "role": "OWNER",
                "special_group": "",
                "user_by_email": "bqowner@gcp-test-149405.iam.gserviceaccount.com",
                "view": []
              }
            ],
            "creation_time": 1622716877349,
            "dataset_id": "example_dataset",
            "default_encryption_configuration": [],
            "default_partition_expiration_ms": 0,
            "default_table_expiration_ms": 3600000,
            "delete_contents_on_destroy": false,
            "description": "This is a test description",
            "etag": "zn7/1LyKJPvYewPsLLiAPw==",
            "friendly_name": "test",
            "id": "projects/gcp-test-149405/datasets/example_dataset",
            "labels": {
              "env": "default"
            },
            "last_modified_time": 1622716877349,
            "location": "US",
            "project": "gcp-test-149405",
            "self_link": "https://bigquery.googleapis.com/bigquery/v2/projects/gcp-test-149405/datasets/example_dataset",
            "timeouts": null
          },
          "sensitive_attributes": [],
          "private": "eyJlMmJmYjczMC1lY2FhLTExZTYtOGY4OC0zNDM2M2JjN2M0YzAiOnsiY3JlYXRlIjoyNDAwMDAwMDAwMDAsImRlbGV0ZSI6MjQwMDAwMDAwMDAwLCJ1cGRhdGUiOjI0MDAwMDAwMDAwMH19",
          "dependencies": [
            "google_service_account.bqowner"
          ]
        }
      ]
    },
    {
      "mode": "managed",
      "type": "google_composer_environment",
      "name": "test",
      "provider": "provider[\"registry.terraform.io/hashicorp/google\"]",
      "instances": [
        {
          "schema_version": 0,
          "attributes": {
            "config": [
              {
                "airflow_uri": "https://ka9a2132186eba842p-tp.appspot.com",
                "dag_gcs_prefix": "gs://us-central1-mycomposer-6a7f6774-bucket/dags",
                "gke_cluster": "projects/gcp-test-149405/zones/us-central1-a/clusters/us-central1-mycomposer-6a7f6774-gke",
                "node_config": [
                  {
                    "disk_size_gb": 20,
                    "ip_allocation_policy": [
                      {
                        "cluster_ipv4_cidr_block": "",
                        "cluster_secondary_range_name": "",
                        "services_ipv4_cidr_block": "",
                        "services_secondary_range_name": "",
                        "use_ip_aliases": false
                      }
                    ],
                    "machine_type": "projects/gcp-test-149405/zones/us-central1-a/machineTypes/n1-standard-1",
                    "network": "projects/gcp-test-149405/global/networks/composer-test-network",
                    "oauth_scopes": [
                      "https://www.googleapis.com/auth/cloud-platform"
                    ],
                    "service_account": "composer-env-account@gcp-test-149405.iam.gserviceaccount.com",
                    "subnetwork": "projects/gcp-test-149405/regions/us-central1/subnetworks/composer-test-subnetwork",
                    "tags": [],
                    "zone": "projects/gcp-test-149405/zones/us-central1-a"
                  }
                ],
                "node_count": 3,
                "private_environment_config": [
                  {
                    "cloud_sql_ipv4_cidr_block": "10.0.0.0/12",
                    "enable_private_endpoint": false,
                    "master_ipv4_cidr_block": "",
                    "web_server_ipv4_cidr_block": "172.31.245.0/24"
                  }
                ],
                "software_config": [
                  {
                    "airflow_config_overrides": {
                      "core-load_example": "True"
                    },
                    "env_variables": {
                      "FOO": "bar"
                    },
                    "image_version": "composer-1.16.5-airflow-1.10.15",
                    "pypi_packages": {
                      "numpy": "",
                      "scipy": ""
                    },
                    "python_version": "3"
                  }
                ]
              }
            ],
            "id": "projects/gcp-test-149405/locations/us-central1/environments/mycomposer",
            "labels": {},
            "name": "mycomposer",
            "project": "gcp-test-149405",
            "region": "us-central1",
            "timeouts": null
          },
          "sensitive_attributes": [],
          "private": "eyJlMmJmYjczMC1lY2FhLTExZTYtOGY4OC0zNDM2M2JjN2M0YzAiOnsiY3JlYXRlIjo3MjAwMDAwMDAwMDAwLCJkZWxldGUiOjE4MDAwMDAwMDAwMDAsInVwZGF0ZSI6NzIwMDAwMDAwMDAwMH19",
          "dependencies": [
            "google_compute_network.test",
            "google_compute_subnetwork.test",
            "google_service_account.test"
          ]
        }
      ]
    },
    {
      "mode": "managed",
      "type": "google_compute_network",
      "name": "test",
      "provider": "provider[\"registry.terraform.io/hashicorp/google\"]",
      "instances": [
        {
          "schema_version": 0,
          "attributes": {
            "auto_create_subnetworks": false,
            "delete_default_routes_on_create": false,
            "description": "",
            "gateway_ipv4": "",
            "id": "projects/gcp-test-149405/global/networks/composer-test-network",
            "mtu": 0,
            "name": "composer-test-network",
            "project": "gcp-test-149405",
            "routing_mode": "REGIONAL",
            "self_link": "https://www.googleapis.com/compute/v1/projects/gcp-test-149405/global/networks/composer-test-network",
            "timeouts": null
          },
          "sensitive_attributes": [],
          "private": "eyJlMmJmYjczMC1lY2FhLTExZTYtOGY4OC0zNDM2M2JjN2M0YzAiOnsiY3JlYXRlIjoyNDAwMDAwMDAwMDAsImRlbGV0ZSI6MjQwMDAwMDAwMDAwLCJ1cGRhdGUiOjI0MDAwMDAwMDAwMH19"
        }
      ]
    },
    {
      "mode": "managed",
      "type": "google_compute_subnetwork",
      "name": "test",
      "provider": "provider[\"registry.terraform.io/hashicorp/google\"]",
      "instances": [
        {
          "schema_version": 0,
          "attributes": {
            "creation_timestamp": "2021-06-03T03:42:21.620-07:00",
            "description": "",
            "fingerprint": null,
            "gateway_address": "10.2.0.1",
            "id": "projects/gcp-test-149405/regions/us-central1/subnetworks/composer-test-subnetwork",
            "ip_cidr_range": "10.2.0.0/16",
            "log_config": [],
            "name": "composer-test-subnetwork",
            "network": "https://www.googleapis.com/compute/v1/projects/gcp-test-149405/global/networks/composer-test-network",
            "private_ip_google_access": false,
            "private_ipv6_google_access": "DISABLE_GOOGLE_ACCESS",
            "project": "gcp-test-149405",
            "region": "us-central1",
            "secondary_ip_range": [],
            "self_link": "https://www.googleapis.com/compute/v1/projects/gcp-test-149405/regions/us-central1/subnetworks/composer-test-subnetwork",
            "timeouts": null
          },
          "sensitive_attributes": [],
          "private": "eyJlMmJmYjczMC1lY2FhLTExZTYtOGY4OC0zNDM2M2JjN2M0YzAiOnsiY3JlYXRlIjozNjAwMDAwMDAwMDAsImRlbGV0ZSI6MzYwMDAwMDAwMDAwLCJ1cGRhdGUiOjM2MDAwMDAwMDAwMH19",
          "dependencies": [
            "google_compute_network.test"
          ]
        }
      ]
    },
    {
      "mode": "managed",
      "type": "google_project_iam_member",
      "name": "bigquery-admin",
      "provider": "provider[\"registry.terraform.io/hashicorp/google\"]",
      "instances": [
        {
          "schema_version": 0,
          "attributes": {
            "condition": [],
            "etag": "BwXD7ZLsIkk=",
            "id": "gcp-test-149405/roles/bigquery.admin/serviceAccount:composer-env-account@gcp-test-149405.iam.gserviceaccount.com",
            "member": "serviceAccount:composer-env-account@gcp-test-149405.iam.gserviceaccount.com",
            "project": "gcp-test-149405",
            "role": "roles/bigquery.admin"
          },
          "sensitive_attributes": [],
          "private": "bnVsbA==",
          "dependencies": [
            "google_service_account.test"
          ]
        }
      ]
    },
    {
      "mode": "managed",
      "type": "google_project_iam_member",
      "name": "cloudsql-client",
      "provider": "provider[\"registry.terraform.io/hashicorp/google\"]",
      "instances": [
        {
          "schema_version": 0,
          "attributes": {
            "condition": [],
            "etag": "BwXD7ZLsIkk=",
            "id": "gcp-test-149405/roles/cloudsql.admin/serviceAccount:composer-env-account@gcp-test-149405.iam.gserviceaccount.com",
            "member": "serviceAccount:composer-env-account@gcp-test-149405.iam.gserviceaccount.com",
            "project": "gcp-test-149405",
            "role": "roles/cloudsql.admin"
          },
          "sensitive_attributes": [],
          "private": "bnVsbA==",
          "dependencies": [
            "google_service_account.test"
          ]
        }
      ]
    },
    {
      "mode": "managed",
      "type": "google_project_iam_member",
      "name": "cloudsql-storage-admin",
      "provider": "provider[\"registry.terraform.io/hashicorp/google\"]",
      "instances": [
        {
          "schema_version": 0,
          "attributes": {
            "condition": [],
            "etag": "BwXD7ZLsIkk=",
            "id": "gcp-test-149405/roles/storage.admin/serviceAccount:p519126142075-tyl03g@gcp-sa-cloud-sql.iam.gserviceaccount.com",
            "member": "serviceAccount:p519126142075-tyl03g@gcp-sa-cloud-sql.iam.gserviceaccount.com",
            "project": "gcp-test-149405",
            "role": "roles/storage.admin"
          },
          "sensitive_attributes": [],
          "private": "bnVsbA==",
          "dependencies": [
            "google_sql_database_instance.instance"
          ]
        }
      ]
    },
    {
      "mode": "managed",
      "type": "google_project_iam_member",
      "name": "composer-worker",
      "provider": "provider[\"registry.terraform.io/hashicorp/google\"]",
      "instances": [
        {
          "schema_version": 0,
          "attributes": {
            "condition": [],
            "etag": "BwXD7ZLsIkk=",
            "id": "gcp-test-149405/roles/composer.worker/serviceAccount:composer-env-account@gcp-test-149405.iam.gserviceaccount.com",
            "member": "serviceAccount:composer-env-account@gcp-test-149405.iam.gserviceaccount.com",
            "project": "gcp-test-149405",
            "role": "roles/composer.worker"
          },
          "sensitive_attributes": [],
          "private": "bnVsbA==",
          "dependencies": [
            "google_service_account.test"
          ]
        }
      ]
    },
    {
      "mode": "managed",
      "type": "google_project_iam_member",
      "name": "storage-admin",
      "provider": "provider[\"registry.terraform.io/hashicorp/google\"]",
      "instances": [
        {
          "schema_version": 0,
          "attributes": {
            "condition": [],
            "etag": "BwXD7ZLsIkk=",
            "id": "gcp-test-149405/roles/storage.admin/serviceAccount:composer-env-account@gcp-test-149405.iam.gserviceaccount.com",
            "member": "serviceAccount:composer-env-account@gcp-test-149405.iam.gserviceaccount.com",
            "project": "gcp-test-149405",
            "role": "roles/storage.admin"
          },
          "sensitive_attributes": [],
          "private": "bnVsbA==",
          "dependencies": [
            "google_service_account.test"
          ]
        }
      ]
    },
    {
      "mode": "managed",
      "type": "google_service_account",
      "name": "bqowner",
      "provider": "provider[\"registry.terraform.io/hashicorp/google\"]",
      "instances": [
        {
          "schema_version": 0,
          "attributes": {
            "account_id": "bqowner",
            "description": "",
            "display_name": "",
            "email": "bqowner@gcp-test-149405.iam.gserviceaccount.com",
            "id": "projects/gcp-test-149405/serviceAccounts/bqowner@gcp-test-149405.iam.gserviceaccount.com",
            "name": "projects/gcp-test-149405/serviceAccounts/bqowner@gcp-test-149405.iam.gserviceaccount.com",
            "project": "gcp-test-149405",
            "timeouts": null,
            "unique_id": "113310635141839642922"
          },
          "sensitive_attributes": [],
          "private": "eyJlMmJmYjczMC1lY2FhLTExZTYtOGY4OC0zNDM2M2JjN2M0YzAiOnsiY3JlYXRlIjozMDAwMDAwMDAwMDB9fQ=="
        }
      ]
    },
    {
      "mode": "managed",
      "type": "google_service_account",
      "name": "test",
      "provider": "provider[\"registry.terraform.io/hashicorp/google\"]",
      "instances": [
        {
          "schema_version": 0,
          "attributes": {
            "account_id": "composer-env-account",
            "description": "",
            "display_name": "Test Service Account for Composer Environment",
            "email": "composer-env-account@gcp-test-149405.iam.gserviceaccount.com",
            "id": "projects/gcp-test-149405/serviceAccounts/composer-env-account@gcp-test-149405.iam.gserviceaccount.com",
            "name": "projects/gcp-test-149405/serviceAccounts/composer-env-account@gcp-test-149405.iam.gserviceaccount.com",
            "project": "gcp-test-149405",
            "timeouts": null,
            "unique_id": "113713094448112145398"
          },
          "sensitive_attributes": [],
          "private": "eyJlMmJmYjczMC1lY2FhLTExZTYtOGY4OC0zNDM2M2JjN2M0YzAiOnsiY3JlYXRlIjozMDAwMDAwMDAwMDB9fQ=="
        }
      ]
    },
    {
      "mode": "managed",
      "type": "google_sql_database",
      "name": "database",
      "provider": "provider[\"registry.terraform.io/hashicorp/google\"]",
      "instances": [
        {
          "schema_version": 0,
          "attributes": {
            "charset": "UTF8",
            "collation": "en_US.UTF8",
            "id": "projects/gcp-test-149405/instances/user-db/databases/user-db",
            "instance": "user-db",
            "name": "user-db",
            "project": "gcp-test-149405",
            "self_link": "https://sqladmin.googleapis.com/sql/v1beta4/projects/gcp-test-149405/instances/user-db/databases/user-db",
            "timeouts": null
          },
          "sensitive_attributes": [],
          "private": "eyJlMmJmYjczMC1lY2FhLTExZTYtOGY4OC0zNDM2M2JjN2M0YzAiOnsiY3JlYXRlIjo5MDAwMDAwMDAwMDAsImRlbGV0ZSI6NjAwMDAwMDAwMDAwLCJ1cGRhdGUiOjYwMDAwMDAwMDAwMH19",
          "dependencies": [
            "google_sql_database_instance.instance"
          ]
        }
      ]
    },
    {
      "mode": "managed",
      "type": "google_sql_database_instance",
      "name": "instance",
      "provider": "provider[\"registry.terraform.io/hashicorp/google\"]",
      "instances": [
        {
          "schema_version": 0,
          "attributes": {
            "clone": [],
            "connection_name": "gcp-test-149405:us-central1:user-db",
            "database_version": "POSTGRES_9_6",
            "deletion_protection": true,
            "first_ip_address": "35.222.18.144",
            "id": "user-db",
            "ip_address": [
              {
                "ip_address": "35.222.18.144",
                "time_to_retire": "",
                "type": "PRIMARY"
              },
              {
                "ip_address": "34.123.37.124",
                "time_to_retire": "",
                "type": "OUTGOING"
              }
            ],
            "master_instance_name": "",
            "name": "user-db",
            "private_ip_address": "",
            "project": "gcp-test-149405",
            "public_ip_address": "35.222.18.144",
            "region": "us-central1",
            "replica_configuration": [],
            "restore_backup_context": [],
            "root_password": null,
            "self_link": "https://sqladmin.googleapis.com/sql/v1beta4/projects/gcp-test-149405/instances/user-db",
            "server_ca_cert": [
              {
                "cert": "-----BEGIN CERTIFICATE-----\nMIIDfzCCAmegAwIBAgIBADANBgkqhkiG9w0BAQsFADB3MS0wKwYDVQQuEyQ3OTJi\nZDU3NS0yYzE3LTRiZjUtYWZhMy1lMzYyYmRjMTJhNDAxIzAhBgNVBAMTGkdvb2ds\nZSBDbG91ZCBTUUwgU2VydmVyIENBMRQwEgYDVQQKEwtHb29nbGUsIEluYzELMAkG\nA1UEBhMCVVMwHhcNMjEwNjAzMTUwNzU5WhcNMzEwNjAxMTUwODU5WjB3MS0wKwYD\nVQQuEyQ3OTJiZDU3NS0yYzE3LTRiZjUtYWZhMy1lMzYyYmRjMTJhNDAxIzAhBgNV\nBAMTGkdvb2dsZSBDbG91ZCBTUUwgU2VydmVyIENBMRQwEgYDVQQKEwtHb29nbGUs\nIEluYzELMAkGA1UEBhMCVVMwggEiMA0GCSqGSIb3DQEBAQUAA4IBDwAwggEKAoIB\nAQC51T6iXvJxzCMI0pnJlZyo4vf8IPzB6ipy94RQHkf9QjFUnyyj5oJBmbXW+h1u\nmPikap/oc7SCJWob85A6+OKImaL5Q5hjIGCm6PxrWsabKmbYgkK+BByKHxfid64l\n1b9IsTNWAjXbMUnOkuXsR/eNdWKws15AZi0hBJpdWLV0JYQ4ns7KRZ3T8LEQQnbK\n/nMSr7eDGVM1jeM4dyUJ8TFu/yRDx85V2vZVEapuEw4fuQHgZWbXlcDc66AnPcr4\nEvPa9UcpWeMSjSLU1OUFIM+BpASFQgrf6ThhBG7eYoumG5rdVSG3JdCn73OP4mHd\nQXORXj7Nsif2QV2oi1xBkUuzAgMBAAGjFjAUMBIGA1UdEwEB/wQIMAYBAf8CAQAw\nDQYJKoZIhvcNAQELBQADggEBADy+Vug/KN9E+WywXJau/tbHnMODgP6sa+RjF7Aa\nL1lXz3gZ+hQA1VfQbdn6UhnT0GDEEN/Wsm0TFew7bzg1OQzDOb9C4pbQSHNRXIIo\nSuqDtiEmO7sYVLaD+B3iALcpehkhKvHNk5kv/qjTFc+5UIo8VesZxrnHKYWIDo10\n519XC8xzaFztBkK+KfdvGc0pRwFjpvn9LNLFACbqaRFfYKRZwbxkzrDoUZqwWboY\nEgfodlS4nQm1Kl+7YB8zKUxk94DGod/a/+9Zpiy5KJtUgAwcUkcAIgcSCcHCGog9\nmMui+GV+w/QzMODwOqsiYVb+gOnGAGUGy8957WH5Ag2E1Co=\n-----END CERTIFICATE-----",
                "common_name": "C=US,O=Google\\, Inc,CN=Google Cloud SQL Server CA,dnQualifier=792bd575-2c17-4bf5-afa3-e362bdc12a40",
                "create_time": "2021-06-03T15:07:59.434Z",
                "expiration_time": "2031-06-01T15:08:59.434Z",
                "sha1_fingerprint": "7a4b1f9637b360da933ff4fe9eea91d0e4b0471a"
              }
            ],
            "service_account_email_address": "p519126142075-tyl03g@gcp-sa-cloud-sql.iam.gserviceaccount.com",
            "settings": [
              {
                "activation_policy": "ALWAYS",
                "authorized_gae_applications": [],
                "availability_type": "ZONAL",
                "backup_configuration": [
                  {
                    "backup_retention_settings": [
                      {
                        "retained_backups": 7,
                        "retention_unit": "COUNT"
                      }
                    ],
                    "binary_log_enabled": false,
                    "enabled": false,
                    "location": "us",
                    "point_in_time_recovery_enabled": false,
                    "start_time": "16:00",
                    "transaction_log_retention_days": 7
                  }
                ],
                "crash_safe_replication": false,
                "database_flags": [],
                "disk_autoresize": true,
                "disk_autoresize_limit": 0,
                "disk_size": 10,
                "disk_type": "PD_SSD",
                "insights_config": [],
                "ip_configuration": [
                  {
                    "authorized_networks": [],
                    "ipv4_enabled": true,
                    "private_network": "",
                    "require_ssl": false
                  }
                ],
                "location_preference": [
                  {
                    "follow_gae_application": "",
                    "zone": "us-central1-f"
                  }
                ],
                "maintenance_window": [],
                "pricing_plan": "PER_USE",
                "replication_type": "SYNCHRONOUS",
                "tier": "db-f1-micro",
                "user_labels": {},
                "version": 6
              }
            ],
            "timeouts": null
          },
          "sensitive_attributes": [],
          "private": "eyJlMmJmYjczMC1lY2FhLTExZTYtOGY4OC0zNDM2M2JjN2M0YzAiOnsiY3JlYXRlIjoxODAwMDAwMDAwMDAwLCJkZWxldGUiOjE4MDAwMDAwMDAwMDAsInVwZGF0ZSI6MTgwMDAwMDAwMDAwMH19"
        }
      ]
    },
    {
      "mode": "managed",
      "type": "google_sql_user",
      "name": "users",
      "provider": "provider[\"registry.terraform.io/hashicorp/google\"]",
      "instances": [
        {
          "schema_version": 1,
          "attributes": {
            "deletion_policy": null,
            "host": "",
            "id": "composer-env-account@gcp-test-149405.iam//user-db",
            "instance": "user-db",
            "name": "composer-env-account@gcp-test-149405.iam",
            "password": null,
            "project": "gcp-test-149405",
            "timeouts": null,
            "type": "CLOUD_IAM_SERVICE_ACCOUNT"
          },
          "sensitive_attributes": [],
          "private": "eyJlMmJmYjczMC1lY2FhLTExZTYtOGY4OC0zNDM2M2JjN2M0YzAiOnsiY3JlYXRlIjo2MDAwMDAwMDAwMDAsImRlbGV0ZSI6NjAwMDAwMDAwMDAwLCJ1cGRhdGUiOjYwMDAwMDAwMDAwMH0sInNjaGVtYV92ZXJzaW9uIjoiMSJ9",
          "dependencies": [
            "google_sql_database_instance.instance"
          ]
        }
      ]
    },
    {
      "mode": "managed",
      "type": "google_storage_bucket",
      "name": "composer-test",
      "provider": "provider[\"registry.terraform.io/hashicorp/google\"]",
      "instances": [
        {
          "schema_version": 0,
          "attributes": {
            "bucket_policy_only": true,
            "cors": [],
            "default_event_based_hold": false,
            "encryption": [],
            "force_destroy": true,
            "id": "composer-test-hoge",
            "labels": {},
            "lifecycle_rule": [],
            "location": "US",
            "logging": [],
            "name": "composer-test-hoge",
            "project": "gcp-test-149405",
            "requester_pays": false,
            "retention_policy": [],
            "self_link": "https://www.googleapis.com/storage/v1/b/composer-test-hoge",
            "storage_class": "STANDARD",
            "uniform_bucket_level_access": true,
            "url": "gs://composer-test-hoge",
            "versioning": [],
            "website": []
          },
          "sensitive_attributes": [],
          "private": "bnVsbA=="
        }
      ]
    }
  ]
}
